
Microsoft Visual Studio Solution File, Format Version 12.00
# Visual Studio 15
Project("{FAE04EC0-301F-11D3-BF4B-00C04F79EFBC}") = "Assembly-CSharp", "Assembly-CSharp.csproj", "{1CC554BD-4F46-3FAC-A9CB-CBDBE1BB579B}"
EndProject
Project("{FAE04EC0-301F-11D3-BF4B-00C04F79EFBC}") = "Assembly-CSharp-firstpass", "Assembly-CSharp-firstpass.csproj", "{50D3C589-2354-DB49-39EF-85E96BC1FE01}"
EndProject
Project("{FAE04EC0-301F-11D3-BF4B-00C04F79EFBC}") = "Assembly-CSharp-Editor-firstpass", "Assembly-CSharp-Editor-firstpass.csproj", "{8B6185DC-416F-B382-080A-B069769E9D59}"
EndProject
Global
	GlobalSection(SolutionConfigurationPlatforms) = preSolution
		Debug|Any CPU = Debug|Any CPU
		Release|Any CPU = Release|Any CPU
	EndGlobalSection
	GlobalSection(ProjectConfigurationPlatforms) = postSolution
		{1CC554BD-4F46-3FAC-A9CB-CBDBE1BB579B}.Debug|Any CPU.ActiveCfg = Debug|Any CPU
		{1CC554BD-4F46-3FAC-A9CB-CBDBE1BB579B}.Debug|Any CPU.Build.0 = Debug|Any CPU
		{1CC554BD-4F46-3FAC-A9CB-CBDBE1BB579B}.Release|Any CPU.ActiveCfg = Release|Any CPU
		{1CC554BD-4F46-3FAC-A9CB-CBDBE1BB579B}.Release|Any CPU.Build.0 = Release|Any CPU
		{50D3C589-2354-DB49-39EF-85E96BC1FE01}.Debug|Any CPU.ActiveCfg = Debug|Any CPU
		{50D3C589-2354-DB49-39EF-85E96BC1FE01}.Debug|Any CPU.Build.0 = Debug|Any CPU
		{50D3C589-2354-DB49-39EF-85E96BC1FE01}.Release|Any CPU.ActiveCfg = Release|Any CPU
		{50D3C589-2354-DB49-39EF-85E96BC1FE01}.Release|Any CPU.Build.0 = Release|Any CPU
		{8B6185DC-416F-B382-080A-B069769E9D59}.Debug|Any CPU.ActiveCfg = Debug|Any CPU
		{8B6185DC-416F-B382-080A-B069769E9D59}.Debug|Any CPU.Build.0 = Debug|Any CPU
		{8B6185DC-416F-B382-080A-B069769E9D59}.Release|Any CPU.ActiveCfg = Release|Any CPU
		{8B6185DC-416F-B382-080A-B069769E9D59}.Release|Any CPU.Build.0 = Release|Any CPU
	EndGlobalSection
	GlobalSection(SolutionProperties) = preSolution
		HideSolutionNode = FALSE
	EndGlobalSection
EndGlobal
